
Microsoft Visual Studio Solution File, Format Version 12.00
# Visual Studio Version 16
VisualStudioVersion = 16.0.30611.23
MinimumVisualStudioVersion = 10.0.40219.1
Project("{FAE04EC0-301F-11D3-BF4B-00C04F79EFBC}") = "GenericsLab", "GenericsLab\GenericsLab.csproj", "{899D19BB-B116-42E7-9818-2502ACE5C58F}"
EndProject
Global
	GlobalSection(SolutionConfigurationPlatforms) = preSolution
		Debug|Any CPU = Debug|Any CPU
		Release|Any CPU = Release|Any CPU
	EndGlobalSection
	GlobalSection(ProjectConfigurationPlatforms) = postSolution
		{899D19BB-B116-42E7-9818-2502ACE5C58F}.Debug|Any CPU.ActiveCfg = Debug|Any CPU
		{899D19BB-B116-42E7-9818-2502ACE5C58F}.Debug|Any CPU.Build.0 = Debug|Any CPU
		{899D19BB-B116-42E7-9818-2502ACE5C58F}.Release|Any CPU.ActiveCfg = Release|Any CPU
		{899D19BB-B116-42E7-9818-2502ACE5C58F}.Release|Any CPU.Build.0 = Release|Any CPU
	EndGlobalSection
	GlobalSection(SolutionProperties) = preSolution
		HideSolutionNode = FALSE
	EndGlobalSection
	GlobalSection(ExtensibilityGlobals) = postSolution
		SolutionGuid = {838D318D-78EA-4ACE-BED6-29DC640C33F6}
	EndGlobalSection
EndGlobal
